github.com/carlmjohnson/deque v0.23.1 h1:X2HOJM9xcglY03deMZ0oZ1V2xtbqYV7dJDnZiSZN4Ak=
github.com/carlmjohnson/deque v0.23.1/go.mod h1:LF5NJjICBrEOPx84pxPL4nCimy5n9NQjxKi5cXkh+8U=
github.com/pkg/errors v0.9.1 h1:FEBLx1zS214owpjy7qsBeixbURkuhQAwrK5UwLGTwt4=
github.com/pkg/errors v0.9.1/go.mod h1:bwawxfHBFNV+L2hUp1rHADufV3IMtnDRdf1r5NINEl0=
